// !$*UTF8*$!
{
	archiveVersion = 1;
	classes = {
	};
	objectVersion = 46;
	objects = {

/* Begin PBXBuildFile section */
		7406D8D119C28D8600632A78 /* main.cpp in Sources */ = {isa = PBXBuildFile; fileRef = 7406D8D019C28D8600632A78 /* main.cpp */; };
		7406D8D819C28DEA00632A78 /* GLUT.framework in Frameworks */ = {isa = PBXBuildFile; fileRef = 7406D8D719C28DEA00632A78 /* GLUT.framework */; };
		7406D8DA19C28DF600632A78 /* OpenGL.framework in Frameworks */ = {isa = PBXBuildFile; fileRef = 7406D8D919C28DF600632A78 /* OpenGL.framework */; };
		742228B61B88C150005B5482 /* core.cpp in Sources */ = {isa = PBXBuildFile; fileRef = 742228B41B88C150005B5482 /* core.cpp */; };
/* End PBXBuildFile section */

/* Begin PBXCopyFilesBuildPhase section */
		7406D8CB19C28D8600632A78 /* CopyFiles */ = {
			isa = PBXCopyFilesBuildPhase;
			buildActionMask = 2147483647;
			dstPath = /usr/share/man/man1/;
			dstSubfolderSpec = 0;
			files = (
			);
			runOnlyForDeploymentPostprocessing = 1;
		};
/* End PBXCopyFilesBuildPhase section */

/* Begin PBXFileReference section */
		7406D8CD19C28D8600632A78 /* CHIP8 */ = {isa = PBXFileReference; explicitFileType = "compiled.mach-o.executable"; includeInIndex = 0; path = CHIP8; sourceTree = BUILT_PRODUCTS_DIR; };
		7406D8D019C28D8600632A78 /* main.cpp */ = {isa = PBXFileReference; lastKnownFileType = sourcecode.cpp.cpp; path = main.cpp; sourceTree = "<group>"; };
		7406D8D719C28DEA00632A78 /* GLUT.framework */ = {isa = PBXFileReference; lastKnownFileType = wrapper.framework; name = GLUT.framework; path = System/Library/Frameworks/GLUT.framework; sourceTree = SDKROOT; };
		7406D8D919C28DF600632A78 /* OpenGL.framework */ = {isa = PBXFileReference; lastKnownFileType = wrapper.framework; name = OpenGL.framework; path = System/Library/Frameworks/OpenGL.framework; sourceTree = SDKROOT; };
		742228B41B88C150005B5482 /* core.cpp */ = {isa = PBXFileReference; fileEncoding = 4; lastKnownFileType = sourcecode.cpp.cpp; path = core.cpp; sourceTree = "<group>"; };
		742228B51B88C150005B5482 /* core.h */ = {isa = PBXFileReference; fileEncoding = 4; lastKnownFileType = sourcecode.c.h; path = core.h; sourceTree = "<group>"; };
/* End PBXFileReference section */

/* Begin PBXFrameworksBuildPhase section */
		7406D8CA19C28D8600632A78 /* Frameworks */ = {
			isa = PBXFrameworksBuildPhase;
			buildActionMask = 2147483647;
			files = (
				7406D8DA19C28DF600632A78 /* OpenGL.framework in Frameworks */,
				7406D8D819C28DEA00632A78 /* GLUT.framework in Frameworks */,
			);
			runOnlyForDeploymentPostprocessing = 0;
		};
/* End PBXFrameworksBuildPhase section */

/* Begin PBXGroup section */
		7406D8C419C28D8500632A78 = {
			isa = PBXGroup;
			children = (
				7406D8D919C28DF600632A78 /* OpenGL.framework */,
				7406D8D719C28DEA00632A78 /* GLUT.framework */,
				7406D8CF19C28D8600632A78 /* CHIP8 */,
				7406D8CE19C28D8600632A78 /* Products */,
			);
			sourceTree = "<group>";
		};
		7406D8CE19C28D8600632A78 /* Products */ = {
			isa = PBXGroup;
			children = (
				7406D8CD19C28D8600632A78 /* CHIP8 */,
			);
			name = Products;
			sourceTree = "<group>";
		};
		7406D8CF19C28D8600632A78 /* CHIP8 */ = {
			isa = PBXGroup;
			children = (
				7406D8D019C28D8600632A78 /* main.cpp */,
				742228B41B88C150005B5482 /* core.cpp */,
				742228B51B88C150005B5482 /* core.h */,
			);
			path = CHIP8;
			sourceTree = "<group>";
		};
/* End PBXGroup section */

/* Begin PBXNativeTarget section */
		7406D8CC19C28D8600632A78 /* CHIP8 */ = {
			isa = PBXNativeTarget;
			buildConfigurationList = 7406D8D419C28D8600632A78 /* Build configuration list for PBXNativeTarget "CHIP8" */;
			buildPhases = (
				7406D8C919C28D8600632A78 /* Sources */,
				7406D8CA19C28D8600632A78 /* Frameworks */,
				7406D8CB19C28D8600632A78 /* CopyFiles */,
			);
			buildRules = (
			);
			dependencies = (
			);
			name = CHIP8;
			productName = CHIP8;
			productReference = 7406D8CD19C28D8600632A78 /* CHIP8 */;
			productType = "com.apple.product-type.tool";
		};
/* End PBXNativeTarget section */

/* Begin PBXProject section */
		7406D8C519C28D8500632A78 /* Project object */ = {
			isa = PBXProject;
			attributes = {
				LastUpgradeCheck = 0600;
				ORGANIZATIONNAME = "Rafael Leandro";
				TargetAttributes = {
					7406D8CC19C28D8600632A78 = {
						CreatedOnToolsVersion = 6.1;
					};
				};
			};
			buildConfigurationList = 7406D8C819C28D8500632A78 /* Build configuration list for PBXProject "CHIP8" */;
			compatibilityVersion = "Xcode 3.2";
			developmentRegion = English;
			hasScannedForEncodings = 0;
			knownRegions = (
				en,
			);
			mainGroup = 7406D8C419C28D8500632A78;
			productRefGroup = 7406D8CE19C28D8600632A78 /* Products */;
			projectDirPath = "";
			projectRoot = "";
			targets = (
				7406D8CC19C28D8600632A78 /* CHIP8 */,
			);
		};
/* End PBXProject section */

/* Begin PBXSourcesBuildPhase section */
		7406D8C919C28D8600632A78 /* Sources */ = {
			isa = PBXSourcesBuildPhase;
			buildActionMask = 2147483647;
			files = (
				742228B61B88C150005B5482 /* core.cpp in Sources */,
				7406D8D119C28D8600632A78 /* main.cpp in Sources */,
			);
			runOnlyForDeploymentPostprocessing = 0;
		};
/* End PBXSourcesBuildPhase section */

/* Begin XCBuildConfiguration section */
		7406D8D219C28D8600632A78 /* Debug */ = {
			isa = XCBuildConfiguration;
			buildSettings = {
				ALWAYS_SEARCH_USER_PATHS = NO;
				CLANG_CXX_LANGUAGE_STANDARD = "gnu++0x";
				CLANG_CXX_LIBRARY = "libc++";
				CLANG_ENABLE_MODULES = YES;
				CLANG_ENABLE_OBJC_ARC = YES;
				CLANG_WARN_BOOL_CONVERSION = YES;
				CLANG_WARN_CONSTANT_CONVERSION = YES;
				CLANG_WARN_DIRECT_OBJC_ISA_USAGE = YES_ERROR;
				CLANG_WARN_EMPTY_BODY = YES;
				CLANG_WARN_ENUM_CONVERSION = YES;
				CLANG_WARN_INT_CONVERSION = YES;
				CLANG_WARN_OBJC_ROOT_CLASS = YES_ERROR;
				CLANG_WARN_UNREACHABLE_CODE = YES;
				CLANG_WARN__DUPLICATE_METHOD_MATCH = YES;
				COPY_PHASE_STRIP = NO;
				ENABLE_STRICT_OBJC_MSGSEND = YES;
				GCC_C_LANGUAGE_STANDARD = gnu99;
				GCC_DYNAMIC_NO_PIC = NO;
				GCC_OPTIMIZATION_LEVEL = 0;
				GCC_PREPROCESSOR_DEFINITIONS = (
					"DEBUG=1",
					"$(inherited)",
				);
				GCC_SYMBOLS_PRIVATE_EXTERN = NO;
				GCC_WARN_64_TO_32_BIT_CONVERSION = YES;
				GCC_WARN_ABOUT_RETURN_TYPE = YES_ERROR;
				GCC_WARN_UNDECLARED_SELECTOR = YES;
				GCC_WARN_UNINITIALIZED_AUTOS = YES_AGGRESSIVE;
				GCC_WARN_UNUSED_FUNCTION = YES;
				GCC_WARN_UNUSED_VARIABLE = YES;
				MACOSX_DEPLOYMENT_TARGET = 10.10;
				MTL_ENABLE_DEBUG_INFO = YES;
				ONLY_ACTIVE_ARCH = YES;
				SDKROOT = macosx;
			};
			name = Debug;
		};
		7406D8D319C28D8600632A78 /* Release */ = {
			isa = XCBuildConfiguration;
			buildSettings = {
				ALWAYS_SEARCH_USER_PATHS = NO;
				CLANG_CXX_LANGUAGE_STANDARD = "gnu++0x";
				CLANG_CXX_LIBRARY = "libc++";
				CLANG_ENABLE_MODULES = YES;
				CLANG_ENABLE_OBJC_ARC = YES;
				CLANG_WARN_BOOL_CONVERSION = YES;
				CLANG_WARN_CONSTANT_CONVERSION = YES;
				CLANG_WARN_DIRECT_OBJC_ISA_USAGE = YES_ERROR;
				CLANG_WARN_EMPTY_BODY = YES;
				CLANG_WARN_ENUM_CONVERSION = YES;
				CLANG_WARN_INT_CONVERSION = YES;
				CLANG_WARN_OBJC_ROOT_CLASS = YES_ERROR;
				CLANG_WARN_UNREACHABLE_CODE = YES;
				CLANG_WARN__DUPLICATE_METHOD_MATCH = YES;
				COPY_PHASE_STRIP = YES;
				DEBUG_INFORMATION_FORMAT = "dwarf-with-dsym";
				ENABLE_NS_ASSERTIONS = NO;
				ENABLE_STRICT_OBJC_MSGSEND = YES;
				GCC_C_LANGUAGE_STANDARD = gnu99;
				GCC_WARN_64_TO_32_BIT_CONVERSION = YES;
				GCC_WARN_ABOUT_RETURN_TYPE = YES_ERROR;
				GCC_WARN_UNDECLARED_SELECTOR = YES;
				GCC_WARN_UNINITIALIZED_AUTOS = YES_AGGRESSIVE;
				GCC_WARN_UNUSED_FUNCTION = YES;
				GCC_WARN_UNUSED_VARIABLE = YES;
				MACOSX_DEPLOYMENT_TARGET = 10.10;
				MTL_ENABLE_DEBUG_INFO = NO;
				SDKROOT = macosx;
			};
			name = Release;
		};
		7406D8D519C28D8600632A78 /* Debug */ = {
			isa = XCBuildConfiguration;
			buildSettings = {
				OTHER_CFLAGS = "-Wno-deprecated";
				PRODUCT_NAME = "$(TARGET_NAME)";
			};
			name = Debug;
		};
		7406D8D619C28D8600632A78 /* Release */ = {
			isa = XCBuildConfiguration;
			buildSettings = {
				OTHER_CFLAGS = "-Wno-deprecated";
				PRODUCT_NAME = "$(TARGET_NAME)";
			};
			name = Release;
		};
/* End XCBuildConfiguration section */

/* Begin XCConfigurationList section */
		7406D8C819C28D8500632A78 /* Build configuration list for PBXProject "CHIP8" */ = {
			isa = XCConfigurationList;
			buildConfigurations = (
				7406D8D219C28D8600632A78 /* Debug */,
				7406D8D319C28D8600632A78 /* Release */,
			);
			defaultConfigurationIsVisible = 0;
			defaultConfigurationName = Release;
		};
		7406D8D419C28D8600632A78 /* Build configuration list for PBXNativeTarget "CHIP8" */ = {
			isa = XCConfigurationList;
			buildConfigurations = (
				7406D8D519C28D8600632A78 /* Debug */,
				7406D8D619C28D8600632A78 /* Release */,
			);
			defaultConfigurationIsVisible = 0;
			defaultConfigurationName = Release;
		};
/* End XCConfigurationList section */
	};
	rootObject = 7406D8C519C28D8500632A78 /* Project object */;
}
